
Microsoft Visual Studio Solution File, Format Version 12.00
# Visual Studio 15
VisualStudioVersion = 15.0.26430.6
MinimumVisualStudioVersion = 10.0.40219.1
Project("{FAE04EC0-301F-11D3-BF4B-00C04F79EFBC}") = "Initial", "ClassLibrary1\Initial.csproj", "{620481B4-3DB4-4F1A-AA00-F9B3290934C6}"
EndProject
Project("{FAE04EC0-301F-11D3-BF4B-00C04F79EFBC}") = "Implementation", "Implementation\Implementation.csproj", "{020613EE-CC4A-4E94-900A-52EE5715762F}"
EndProject
Project("{FAE04EC0-301F-11D3-BF4B-00C04F79EFBC}") = "ISFramework", "Framework\ISFramework.csproj", "{D6133E06-50E6-47DF-A4C0-99D890BCF9DC}"
EndProject
Project("{FAE04EC0-301F-11D3-BF4B-00C04F79EFBC}") = "ISFeatureFile", "ISFeatureFile\ISFeatureFile.csproj", "{9857F0C6-B83F-4189-A371-265BABB072E9}"
EndProject
Global
	GlobalSection(SolutionConfigurationPlatforms) = preSolution
		Debug|Any CPU = Debug|Any CPU
		Release|Any CPU = Release|Any CPU
	EndGlobalSection
	GlobalSection(ProjectConfigurationPlatforms) = postSolution
		{620481B4-3DB4-4F1A-AA00-F9B3290934C6}.Debug|Any CPU.ActiveCfg = Debug|Any CPU
		{620481B4-3DB4-4F1A-AA00-F9B3290934C6}.Debug|Any CPU.Build.0 = Debug|Any CPU
		{620481B4-3DB4-4F1A-AA00-F9B3290934C6}.Release|Any CPU.ActiveCfg = Release|Any CPU
		{620481B4-3DB4-4F1A-AA00-F9B3290934C6}.Release|Any CPU.Build.0 = Release|Any CPU
		{020613EE-CC4A-4E94-900A-52EE5715762F}.Debug|Any CPU.ActiveCfg = Debug|Any CPU
		{020613EE-CC4A-4E94-900A-52EE5715762F}.Debug|Any CPU.Build.0 = Debug|Any CPU
		{020613EE-CC4A-4E94-900A-52EE5715762F}.Release|Any CPU.ActiveCfg = Release|Any CPU
		{020613EE-CC4A-4E94-900A-52EE5715762F}.Release|Any CPU.Build.0 = Release|Any CPU
		{D6133E06-50E6-47DF-A4C0-99D890BCF9DC}.Debug|Any CPU.ActiveCfg = Debug|Any CPU
		{D6133E06-50E6-47DF-A4C0-99D890BCF9DC}.Debug|Any CPU.Build.0 = Debug|Any CPU
		{D6133E06-50E6-47DF-A4C0-99D890BCF9DC}.Release|Any CPU.ActiveCfg = Release|Any CPU
		{D6133E06-50E6-47DF-A4C0-99D890BCF9DC}.Release|Any CPU.Build.0 = Release|Any CPU
		{9857F0C6-B83F-4189-A371-265BABB072E9}.Debug|Any CPU.ActiveCfg = Debug|Any CPU
		{9857F0C6-B83F-4189-A371-265BABB072E9}.Debug|Any CPU.Build.0 = Debug|Any CPU
		{9857F0C6-B83F-4189-A371-265BABB072E9}.Release|Any CPU.ActiveCfg = Release|Any CPU
		{9857F0C6-B83F-4189-A371-265BABB072E9}.Release|Any CPU.Build.0 = Release|Any CPU
	EndGlobalSection
	GlobalSection(SolutionProperties) = preSolution
		HideSolutionNode = FALSE
	EndGlobalSection
	GlobalSection(ExtensibilityGlobals) = postSolution
		SolutionGuid = {875B62D2-FACB-4C1B-BE4B-6D2CECADD154}
	EndGlobalSection
EndGlobal
